{
  "name": "osmd-audio-player",
  "version": "0.1.0",
  "lockfileVersion": 1,
  "requires": true,
  "dependencies": {
    "@types/vexflow": {
      "version": "1.2.33",
      "resolved": "https://registry.npmjs.org/@types/vexflow/-/vexflow-1.2.33.tgz",
      "integrity": "sha512-9rOsTeuZ4dubH0QekpN/y3w2gwau/RwLUAD+lclcKt/Skj2TM5A/lpMC/VCFzXPBeu/26YPw6izz2uCnpY0abQ=="
    },
    "adsr": {
      "version": "1.0.1",
      "resolved": "https://registry.npmjs.org/adsr/-/adsr-1.0.1.tgz",
      "integrity": "sha1-p7wI5e+KceY2SryW/OffHESIHMM="
    },
    "audio-loader": {
      "version": "0.5.0",
      "resolved": "https://registry.npmjs.org/audio-loader/-/audio-loader-0.5.0.tgz",
      "integrity": "sha1-nBJdGyXDPNliYIQFTZ9rfzHdyQg="
    },
    "core-util-is": {
      "version": "1.0.2",
      "resolved": "https://registry.npmjs.org/core-util-is/-/core-util-is-1.0.2.tgz",
      "integrity": "sha1-tf1UIgqivFq1eqtxQMlAdUUDwac="
    },
    "es6-promise": {
      "version": "4.2.8",
      "resolved": "https://registry.npmjs.org/es6-promise/-/es6-promise-4.2.8.tgz",
      "integrity": "sha512-HJDGx5daxeIvxdBxvG2cb9g4tEvwIk3i8+nhX0yGrYmZUzbkdg8QbDevheDB8gd0//uPj4c1EQua8Q+MViT0/w=="
    },
    "immediate": {
      "version": "3.0.6",
      "resolved": "https://registry.npmjs.org/immediate/-/immediate-3.0.6.tgz",
      "integrity": "sha1-nbHb0Pr43m++D13V5Wu2BigN5ps="
    },
    "inherits": {
      "version": "2.0.4",
      "resolved": "https://registry.npmjs.org/inherits/-/inherits-2.0.4.tgz",
      "integrity": "sha512-k/vGaX4/Yla3WzyMCvTQOXYeIHvqOKtnqBduzTHpzpQZzAskKMhZ2K+EnBiSM9zGSoIFeMpXKxa4dYeZIQqewQ=="
    },
    "isarray": {
      "version": "1.0.0",
      "resolved": "https://registry.npmjs.org/isarray/-/isarray-1.0.0.tgz",
      "integrity": "sha1-u5NdSFgsuhaMBoNJV6VKPgcSTxE="
    },
    "jszip": {
      "version": "3.2.2",
      "resolved": "https://registry.npmjs.org/jszip/-/jszip-3.2.2.tgz",
      "integrity": "sha512-NmKajvAFQpbg3taXQXr/ccS2wcucR1AZ+NtyWp2Nq7HHVsXhcJFR8p0Baf32C2yVvBylFWVeKf+WI2AnvlPhpA==",
      "requires": {
        "lie": "~3.3.0",
        "pako": "~1.0.2",
        "readable-stream": "~2.3.6",
        "set-immediate-shim": "~1.0.1"
      }
    },
    "lie": {
      "version": "3.3.0",
      "resolved": "https://registry.npmjs.org/lie/-/lie-3.3.0.tgz",
      "integrity": "sha512-UaiMJzeWRlEujzAuw5LokY1L5ecNQYZKfmyZ9L7wDHb/p5etKaxXhohBcrw0EYby+G/NA52vRSN4N39dxHAIwQ==",
      "requires": {
        "immediate": "~3.0.5"
      }
    },
    "loglevel": {
      "version": "1.6.6",
      "resolved": "https://registry.npmjs.org/loglevel/-/loglevel-1.6.6.tgz",
      "integrity": "sha512-Sgr5lbboAUBo3eXCSPL4/KoVz3ROKquOjcctxmHIt+vol2DrqTQe3SwkKKuYhEiWB5kYa13YyopJ69deJ1irzQ=="
    },
    "midimessage": {
      "version": "1.0.5",
      "resolved": "https://registry.npmjs.org/midimessage/-/midimessage-1.0.5.tgz",
      "integrity": "sha1-rZnwTYY6BTolY9VTxb81BwtIgCw="
    },
    "note-parser": {
      "version": "2.0.1",
      "resolved": "https://registry.npmjs.org/note-parser/-/note-parser-2.0.1.tgz",
      "integrity": "sha1-JDj9V6RolLQCs6IHF5hmASnI+8E="
    },
    "opensheetmusicdisplay": {
      "version": "0.7.3",
      "resolved": "https://registry.npmjs.org/opensheetmusicdisplay/-/opensheetmusicdisplay-0.7.3.tgz",
      "integrity": "sha512-lRPh55gDbZQ828p9wSuDJ4DVdoV/ChPfxI3RfMvnw9cDc/PbuHcV8mEkS8csbwORplWeVwBuq2i/Bf48/I5KVA==",
      "requires": {
        "@types/vexflow": "^1.2.33",
        "es6-promise": "^4.2.5",
        "jszip": "^3.0.0",
        "loglevel": "^1.5.0",
        "typescript-collections": "^1.1.2",
        "vexflow": "^1.2.89"
      }
    },
    "pako": {
      "version": "1.0.10",
      "resolved": "https://registry.npmjs.org/pako/-/pako-1.0.10.tgz",
      "integrity": "sha512-0DTvPVU3ed8+HNXOu5Bs+o//Mbdj9VNQMUOe9oKCwh8l0GNwpTDMKCWbRjgtD291AWnkAgkqA/LOnQS8AmS1tw=="
    },
    "process-nextick-args": {
      "version": "2.0.1",
      "resolved": "https://registry.npmjs.org/process-nextick-args/-/process-nextick-args-2.0.1.tgz",
      "integrity": "sha512-3ouUOpQhtgrbOa17J7+uxOTpITYWaGP7/AhoR3+A+/1e9skrzelGi/dXzEYyvbxubEF6Wn2ypscTKiKJFFn1ag=="
    },
    "readable-stream": {
      "version": "2.3.7",
      "resolved": "https://registry.npmjs.org/readable-stream/-/readable-stream-2.3.7.tgz",
      "integrity": "sha512-Ebho8K4jIbHAxnuxi7o42OrZgF/ZTNcsZj6nRKyUmkhLFq8CHItp/fy6hQZuZmP/n3yZ9VBUbp4zz/mX8hmYPw==",
      "requires": {
        "core-util-is": "~1.0.0",
        "inherits": "~2.0.3",
        "isarray": "~1.0.0",
        "process-nextick-args": "~2.0.0",
        "safe-buffer": "~5.1.1",
        "string_decoder": "~1.1.1",
        "util-deprecate": "~1.0.1"
      }
    },
    "safe-buffer": {
      "version": "5.1.2",
      "resolved": "https://registry.npmjs.org/safe-buffer/-/safe-buffer-5.1.2.tgz",
      "integrity": "sha512-Gd2UZBJDkXlY7GbJxfsE8/nvKkUEU1G38c1siN6QP6a9PT9MmHB8GnpscSmMJSoF8LOIrt8ud/wPtojys4G6+g=="
    },
    "sample-player": {
      "version": "0.5.5",
      "resolved": "https://registry.npmjs.org/sample-player/-/sample-player-0.5.5.tgz",
      "integrity": "sha1-vDW+o0Scb6lyUo8CKpu8KHIZVjc=",
      "requires": {
        "adsr": "^1.0.0",
        "midimessage": "^1.0.5",
        "note-parser": "^1.1.0"
      },
      "dependencies": {
        "note-parser": {
          "version": "1.1.0",
          "resolved": "https://registry.npmjs.org/note-parser/-/note-parser-1.1.0.tgz",
          "integrity": "sha1-EunxflFFDsmU8TZKAZgsImZ7jms="
        }
      }
    },
    "set-immediate-shim": {
      "version": "1.0.1",
      "resolved": "https://registry.npmjs.org/set-immediate-shim/-/set-immediate-shim-1.0.1.tgz",
      "integrity": "sha1-SysbJ+uAip+NzEgaWOXlb1mfP2E="
    },
    "soundfont-player": {
      "version": "0.11.0",
      "resolved": "https://registry.npmjs.org/soundfont-player/-/soundfont-player-0.11.0.tgz",
      "integrity": "sha512-MkXPSwILFMNHYFhZW+8VBZbvjGG2rAB/EqpUUJqjhH7uNqOnlZyX3dzhk9ABWgyCwrA3PKFea90Qg6nuaniIpQ==",
      "requires": {
        "audio-loader": "^0.5.0",
        "note-parser": "^2.0.0",
        "sample-player": "^0.5.5"
      }
    },
    "string_decoder": {
      "version": "1.1.1",
      "resolved": "https://registry.npmjs.org/string_decoder/-/string_decoder-1.1.1.tgz",
      "integrity": "sha512-n/ShnvDi6FHbbVfviro+WojiFzv+s8MPMHBczVePfUpDJLwoLT0ht1l4YwBCbi8pJAveEEdnkHyPyTP/mzRfwg==",
      "requires": {
        "safe-buffer": "~5.1.0"
      }
    },
    "typescript": {
      "version": "3.7.5",
      "resolved": "https://registry.npmjs.org/typescript/-/typescript-3.7.5.tgz",
      "integrity": "sha512-/P5lkRXkWHNAbcJIiHPfRoKqyd7bsyCma1hZNUGfn20qm64T6ZBlrzprymeu918H+mB/0rIg2gGK/BXkhhYgBw==",
      "dev": true
    },
    "typescript-collections": {
      "version": "1.3.3",
      "resolved": "https://registry.npmjs.org/typescript-collections/-/typescript-collections-1.3.3.tgz",
      "integrity": "sha512-7sI4e/bZijOzyURng88oOFZCISQPTHozfE2sUu5AviFYk5QV7fYGb6YiDl+vKjF/pICA354JImBImL9XJWUvdQ=="
    },
    "util-deprecate": {
      "version": "1.0.2",
      "resolved": "https://registry.npmjs.org/util-deprecate/-/util-deprecate-1.0.2.tgz",
      "integrity": "sha1-RQ1Nyfpw3nMnYvvS1KKJgUGaDM8="
    },
    "vexflow": {
      "version": "1.2.90",
      "resolved": "https://registry.npmjs.org/vexflow/-/vexflow-1.2.90.tgz",
      "integrity": "sha512-u3wh4pVVPQ0HA1Euj1W+HJlCkGxx4RkeMz+JLOTUeoWDPPjYPfPll2cXaxrpn3oaTpVDwb7Md3scKXm/mTcMYA=="
    }
  }
}
